
Microsoft Visual Studio Solution File, Format Version 12.00
# Visual Studio Version 17
VisualStudioVersion = 17.4.33213.308
MinimumVisualStudioVersion = 10.0.40219.1
Project("{FAE04EC0-301F-11D3-BF4B-00C04F79EFBC}") = "s4_l2", "s4_l2\s4_l2.csproj", "{A10E3072-E67F-4F28-98F2-B36E331B3E99}"
EndProject
Global
	GlobalSection(SolutionConfigurationPlatforms) = preSolution
		Debug|Any CPU = Debug|Any CPU
		Release|Any CPU = Release|Any CPU
	EndGlobalSection
	GlobalSection(ProjectConfigurationPlatforms) = postSolution
		{A10E3072-E67F-4F28-98F2-B36E331B3E99}.Debug|Any CPU.ActiveCfg = Debug|Any CPU
		{A10E3072-E67F-4F28-98F2-B36E331B3E99}.Debug|Any CPU.Build.0 = Debug|Any CPU
		{A10E3072-E67F-4F28-98F2-B36E331B3E99}.Release|Any CPU.ActiveCfg = Release|Any CPU
		{A10E3072-E67F-4F28-98F2-B36E331B3E99}.Release|Any CPU.Build.0 = Release|Any CPU
	EndGlobalSection
	GlobalSection(SolutionProperties) = preSolution
		HideSolutionNode = FALSE
	EndGlobalSection
	GlobalSection(ExtensibilityGlobals) = postSolution
		SolutionGuid = {8267C226-AC6E-41B2-BE2D-BEA9F3D5EAA0}
	EndGlobalSection
EndGlobal
